Microsoft Visual Studio Solution File, Format Version 12.00
# Visual Studio Version 17
VisualStudioVersion = 17.5.2.0
MinimumVisualStudioVersion = 10.0.40219.1
Project("{2150E333-8FDC-42A3-9474-1A3956D46DE8}") = "server", "server", "{DAD03CFC-D5FA-AC94-41C7-9ABAB326F09E}"
EndProject
Project("{2150E333-8FDC-42A3-9474-1A3956D46DE8}") = "src", "src", "{2132E9AA-A8A6-6DB3-1CCB-FE240A8CB002}"
EndProject
Project("{FAE04EC0-301F-11D3-BF4B-00C04F79EFBC}") = "Greenhouse.Api", "server\src\Greenhouse.Api\Greenhouse.Api.csproj", "{28A766CC-5E0C-99DA-CBC0-47F4C3F1B95C}"
EndProject
Global
	GlobalSection(SolutionConfigurationPlatforms) = preSolution
		Debug|Any CPU = Debug|Any CPU
		Release|Any CPU = Release|Any CPU
	EndGlobalSection
	GlobalSection(ProjectConfigurationPlatforms) = postSolution
		{28A766CC-5E0C-99DA-CBC0-47F4C3F1B95C}.Debug|Any CPU.ActiveCfg = Debug|Any CPU
		{28A766CC-5E0C-99DA-CBC0-47F4C3F1B95C}.Debug|Any CPU.Build.0 = Debug|Any CPU
		{28A766CC-5E0C-99DA-CBC0-47F4C3F1B95C}.Release|Any CPU.ActiveCfg = Release|Any CPU
		{28A766CC-5E0C-99DA-CBC0-47F4C3F1B95C}.Release|Any CPU.Build.0 = Release|Any CPU
	EndGlobalSection
	GlobalSection(SolutionProperties) = preSolution
		HideSolutionNode = FALSE
	EndGlobalSection
	GlobalSection(NestedProjects) = preSolution
		{2132E9AA-A8A6-6DB3-1CCB-FE240A8CB002} = {DAD03CFC-D5FA-AC94-41C7-9ABAB326F09E}
		{28A766CC-5E0C-99DA-CBC0-47F4C3F1B95C} = {2132E9AA-A8A6-6DB3-1CCB-FE240A8CB002}
	EndGlobalSection
	GlobalSection(ExtensibilityGlobals) = postSolution
		SolutionGuid = {9E77C4C1-C26D-4677-9D08-3919ACBE7968}
	EndGlobalSection
EndGlobal
